
Microsoft Visual Studio Solution File, Format Version 12.00
# Visual Studio Version 17
VisualStudioVersion = 17.8.34525.116
MinimumVisualStudioVersion = 10.0.40219.1
Project("{9A19103F-16F7-4668-BE54-9A1E7A4F7556}") = "MensajeServer", "MensajeServer\MensajeServer.csproj", "{63B6DF4E-8C14-415B-877C-702AE52D833B}"
EndProject
Project("{FAE04EC0-301F-11D3-BF4B-00C04F79EFBC}") = "MensajesClientHTTP", "MensajesClientHTTP\MensajesClientHTTP.csproj", "{1FDA0C1C-4CEA-47BE-A13F-8330EFBEBE55}"
EndProject
Global
	GlobalSection(SolutionConfigurationPlatforms) = preSolution
		Debug|Any CPU = Debug|Any CPU
		Release|Any CPU = Release|Any CPU
	EndGlobalSection
	GlobalSection(ProjectConfigurationPlatforms) = postSolution
		{63B6DF4E-8C14-415B-877C-702AE52D833B}.Debug|Any CPU.ActiveCfg = Debug|Any CPU
		{63B6DF4E-8C14-415B-877C-702AE52D833B}.Debug|Any CPU.Build.0 = Debug|Any CPU
		{63B6DF4E-8C14-415B-877C-702AE52D833B}.Release|Any CPU.ActiveCfg = Release|Any CPU
		{63B6DF4E-8C14-415B-877C-702AE52D833B}.Release|Any CPU.Build.0 = Release|Any CPU
		{1FDA0C1C-4CEA-47BE-A13F-8330EFBEBE55}.Debug|Any CPU.ActiveCfg = Debug|Any CPU
		{1FDA0C1C-4CEA-47BE-A13F-8330EFBEBE55}.Debug|Any CPU.Build.0 = Debug|Any CPU
		{1FDA0C1C-4CEA-47BE-A13F-8330EFBEBE55}.Release|Any CPU.ActiveCfg = Release|Any CPU
		{1FDA0C1C-4CEA-47BE-A13F-8330EFBEBE55}.Release|Any CPU.Build.0 = Release|Any CPU
	EndGlobalSection
	GlobalSection(SolutionProperties) = preSolution
		HideSolutionNode = FALSE
	EndGlobalSection
	GlobalSection(ExtensibilityGlobals) = postSolution
		SolutionGuid = {8C76BC47-2CD2-487E-8DA5-DE410085C771}
	EndGlobalSection
EndGlobal
